// !$*UTF8*$!
{
	archiveVersion = 1;
	classes = {
	};
	objectVersion = 50;
	objects = {

/* Begin PBXBuildFile section */
		FA14A5D927C301BE0018A331 /* AppDelegate.swift in Sources */ = {isa = PBXBuildFile; fileRef = FA14A5D827C301BE0018A331 /* AppDelegate.swift */; };
		FA14A5DB27C301BE0018A331 /* SceneDelegate.swift in Sources */ = {isa = PBXBuildFile; fileRef = FA14A5DA27C301BE0018A331 /* SceneDelegate.swift */; };
		FA14A5E027C301BE0018A331 /* Main.storyboard in Resources */ = {isa = PBXBuildFile; fileRef = FA14A5DE27C301BE0018A331 /* Main.storyboard */; };
		FA14A5E227C301BF0018A331 /* Assets.xcassets in Resources */ = {isa = PBXBuildFile; fileRef = FA14A5E127C301BF0018A331 /* Assets.xcassets */; };
		FA14A5E527C301BF0018A331 /* LaunchScreen.storyboard in Resources */ = {isa = PBXBuildFile; fileRef = FA14A5E327C301BF0018A331 /* LaunchScreen.storyboard */; };
		FA14A5EF27C3022D0018A331 /* CollectionViewController.swift in Sources */ = {isa = PBXBuildFile; fileRef = FA14A5EE27C3022D0018A331 /* CollectionViewController.swift */; };
		FA14A5F227C3031B0018A331 /* CollectionViewCell.swift in Sources */ = {isa = PBXBuildFile; fileRef = FA14A5F127C3031B0018A331 /* CollectionViewCell.swift */; };
		FA14A61127C336880018A331 /* HeaderCollectionReusableView.swift in Sources */ = {isa = PBXBuildFile; fileRef = FA14A61027C336880018A331 /* HeaderCollectionReusableView.swift */; };
		FA14A61427C33A3F0018A331 /* FooterCollectionReusableView.swift in Sources */ = {isa = PBXBuildFile; fileRef = FA14A61327C33A3F0018A331 /* FooterCollectionReusableView.swift */; };
		FA14A61727C34A910018A331 /* DetailVC.swift in Sources */ = {isa = PBXBuildFile; fileRef = FA14A61627C34A910018A331 /* DetailVC.swift */; };
/* End PBXBuildFile section */

/* Begin PBXFileReference section */
		FA14A5D527C301BE0018A331 /* Lab4.app */ = {isa = PBXFileReference; explicitFileType = wrapper.application; includeInIndex = 0; path = Lab4.app; sourceTree = BUILT_PRODUCTS_DIR; };
		FA14A5D827C301BE0018A331 /* AppDelegate.swift */ = {isa = PBXFileReference; lastKnownFileType = sourcecode.swift; path = AppDelegate.swift; sourceTree = "<group>"; };
		FA14A5DA27C301BE0018A331 /* SceneDelegate.swift */ = {isa = PBXFileReference; lastKnownFileType = sourcecode.swift; path = SceneDelegate.swift; sourceTree = "<group>"; };
		FA14A5DF27C301BE0018A331 /* Base */ = {isa = PBXFileReference; lastKnownFileType = file.storyboard; name = Base; path = Base.lproj/Main.storyboard; sourceTree = "<group>"; };
		FA14A5E127C301BF0018A331 /* Assets.xcassets */ = {isa = PBXFileReference; lastKnownFileType = folder.assetcatalog; path = Assets.xcassets; sourceTree = "<group>"; };
		FA14A5E427C301BF0018A331 /* Base */ = {isa = PBXFileReference; lastKnownFileType = file.storyboard; name = Base; path = Base.lproj/LaunchScreen.storyboard; sourceTree = "<group>"; };
		FA14A5E627C301BF0018A331 /* Info.plist */ = {isa = PBXFileReference; lastKnownFileType = text.plist.xml; path = Info.plist; sourceTree = "<group>"; };
		FA14A5EE27C3022D0018A331 /* CollectionViewController.swift */ = {isa = PBXFileReference; lastKnownFileType = sourcecode.swift; path = CollectionViewController.swift; sourceTree = "<group>"; };
		FA14A5F127C3031B0018A331 /* CollectionViewCell.swift */ = {isa = PBXFileReference; lastKnownFileType = sourcecode.swift; path = CollectionViewCell.swift; sourceTree = "<group>"; };
		FA14A61027C336880018A331 /* HeaderCollectionReusableView.swift */ = {isa = PBXFileReference; lastKnownFileType = sourcecode.swift; path = HeaderCollectionReusableView.swift; sourceTree = "<group>"; };
		FA14A61327C33A3F0018A331 /* FooterCollectionReusableView.swift */ = {isa = PBXFileReference; lastKnownFileType = sourcecode.swift; path = FooterCollectionReusableView.swift; sourceTree = "<group>"; };
		FA14A61627C34A910018A331 /* DetailVC.swift */ = {isa = PBXFileReference; lastKnownFileType = sourcecode.swift; path = DetailVC.swift; sourceTree = "<group>"; };
/* End PBXFileReference section */

/* Begin PBXFrameworksBuildPhase section */
		FA14A5D227C301BE0018A331 /* Frameworks */ = {
			isa = PBXFrameworksBuildPhase;
			buildActionMask = 2147483647;
			files = (
			);
			runOnlyForDeploymentPostprocessing = 0;
		};
/* End PBXFrameworksBuildPhase section */

/* Begin PBXGroup section */
		FA14A5CC27C301BE0018A331 = {
			isa = PBXGroup;
			children = (
				FA14A5D727C301BE0018A331 /* Lab4 */,
				FA14A5D627C301BE0018A331 /* Products */,
			);
			sourceTree = "<group>";
		};
		FA14A5D627C301BE0018A331 /* Products */ = {
			isa = PBXGroup;
			children = (
				FA14A5D527C301BE0018A331 /* Lab4.app */,
			);
			name = Products;
			sourceTree = "<group>";
		};
		FA14A5D727C301BE0018A331 /* Lab4 */ = {
			isa = PBXGroup;
			children = (
				FA14A5D827C301BE0018A331 /* AppDelegate.swift */,
				FA14A5DA27C301BE0018A331 /* SceneDelegate.swift */,
				FA14A5DE27C301BE0018A331 /* Main.storyboard */,
				FA14A5E127C301BF0018A331 /* Assets.xcassets */,
				FA14A5E327C301BF0018A331 /* LaunchScreen.storyboard */,
				FA14A5E627C301BF0018A331 /* Info.plist */,
				FA14A5EE27C3022D0018A331 /* CollectionViewController.swift */,
				FA14A5F127C3031B0018A331 /* CollectionViewCell.swift */,
				FA14A61027C336880018A331 /* HeaderCollectionReusableView.swift */,
				FA14A61327C33A3F0018A331 /* FooterCollectionReusableView.swift */,
				FA14A61627C34A910018A331 /* DetailVC.swift */,
			);
			path = Lab4;
			sourceTree = "<group>";
		};
/* End PBXGroup section */

/* Begin PBXNativeTarget section */
		FA14A5D427C301BE0018A331 /* Lab4 */ = {
			isa = PBXNativeTarget;
			buildConfigurationList = FA14A5E927C301BF0018A331 /* Build configuration list for PBXNativeTarget "Lab4" */;
			buildPhases = (
				FA14A5D127C301BE0018A331 /* Sources */,
				FA14A5D227C301BE0018A331 /* Frameworks */,
				FA14A5D327C301BE0018A331 /* Resources */,
			);
			buildRules = (
			);
			dependencies = (
			);
			name = Lab4;
			productName = Lab4;
			productReference = FA14A5D527C301BE0018A331 /* Lab4.app */;
			productType = "com.apple.product-type.application";
		};
/* End PBXNativeTarget section */

/* Begin PBXProject section */
		FA14A5CD27C301BE0018A331 /* Project object */ = {
			isa = PBXProject;
			attributes = {
				LastSwiftUpdateCheck = 1240;
				LastUpgradeCheck = 1240;
				TargetAttributes = {
					FA14A5D427C301BE0018A331 = {
						CreatedOnToolsVersion = 12.4;
					};
				};
			};
			buildConfigurationList = FA14A5D027C301BE0018A331 /* Build configuration list for PBXProject "Lab4" */;
			compatibilityVersion = "Xcode 9.3";
			developmentRegion = en;
			hasScannedForEncodings = 0;
			knownRegions = (
				en,
				Base,
			);
			mainGroup = FA14A5CC27C301BE0018A331;
			productRefGroup = FA14A5D627C301BE0018A331 /* Products */;
			projectDirPath = "";
			projectRoot = "";
			targets = (
				FA14A5D427C301BE0018A331 /* Lab4 */,
			);
		};
/* End PBXProject section */

/* Begin PBXResourcesBuildPhase section */
		FA14A5D327C301BE0018A331 /* Resources */ = {
			isa = PBXResourcesBuildPhase;
			buildActionMask = 2147483647;
			files = (
				FA14A5E527C301BF0018A331 /* LaunchScreen.storyboard in Resources */,
				FA14A5E227C301BF0018A331 /* Assets.xcassets in Resources */,
				FA14A5E027C301BE0018A331 /* Main.storyboard in Resources */,
			);
			runOnlyForDeploymentPostprocessing = 0;
		};
/* End PBXResourcesBuildPhase section */

/* Begin PBXSourcesBuildPhase section */
		FA14A5D127C301BE0018A331 /* Sources */ = {
			isa = PBXSourcesBuildPhase;
			buildActionMask = 2147483647;
			files = (
				FA14A5EF27C3022D0018A331 /* CollectionViewController.swift in Sources */,
				FA14A5D927C301BE0018A331 /* AppDelegate.swift in Sources */,
				FA14A5F227C3031B0018A331 /* CollectionViewCell.swift in Sources */,
				FA14A61127C336880018A331 /* HeaderCollectionReusableView.swift in Sources */,
				FA14A61427C33A3F0018A331 /* FooterCollectionReusableView.swift in Sources */,
				FA14A5DB27C301BE0018A331 /* SceneDelegate.swift in Sources */,
				FA14A61727C34A910018A331 /* DetailVC.swift in Sources */,
			);
			runOnlyForDeploymentPostprocessing = 0;
		};
/* End PBXSourcesBuildPhase section */

/* Begin PBXVariantGroup section */
		FA14A5DE27C301BE0018A331 /* Main.storyboard */ = {
			isa = PBXVariantGroup;
			children = (
				FA14A5DF27C301BE0018A331 /* Base */,
			);
			name = Main.storyboard;
			sourceTree = "<group>";
		};
		FA14A5E327C301BF0018A331 /* LaunchScreen.storyboard */ = {
			isa = PBXVariantGroup;
			children = (
				FA14A5E427C301BF0018A331 /* Base */,
			);
			name = LaunchScreen.storyboard;
			sourceTree = "<group>";
		};
/* End PBXVariantGroup section */

/* Begin XCBuildConfiguration section */
		FA14A5E727C301BF0018A331 /* Debug */ = {
			isa = XCBuildConfiguration;
			buildSettings = {
				ALWAYS_SEARCH_USER_PATHS = NO;
				CLANG_ANALYZER_NONNULL = YES;
				CLANG_ANALYZER_NUMBER_OBJECT_CONVERSION = YES_AGGRESSIVE;
				CLANG_CXX_LANGUAGE_STANDARD = "gnu++14";
				CLANG_CXX_LIBRARY = "libc++";
				CLANG_ENABLE_MODULES = YES;
				CLANG_ENABLE_OBJC_ARC = YES;
				CLANG_ENABLE_OBJC_WEAK = YES;
				CLANG_WARN_BLOCK_CAPTURE_AUTORELEASING = YES;
				CLANG_WARN_BOOL_CONVERSION = YES;
				CLANG_WARN_COMMA = YES;
				CLANG_WARN_CONSTANT_CONVERSION = YES;
				CLANG_WARN_DEPRECATED_OBJC_IMPLEMENTATIONS = YES;
				CLANG_WARN_DIRECT_OBJC_ISA_USAGE = YES_ERROR;
				CLANG_WARN_DOCUMENTATION_COMMENTS = YES;
				CLANG_WARN_EMPTY_BODY = YES;
				CLANG_WARN_ENUM_CONVERSION = YES;
				CLANG_WARN_INFINITE_RECURSION = YES;
				CLANG_WARN_INT_CONVERSION = YES;
				CLANG_WARN_NON_LITERAL_NULL_CONVERSION = YES;
				CLANG_WARN_OBJC_IMPLICIT_RETAIN_SELF = YES;
				CLANG_WARN_OBJC_LITERAL_CONVERSION = YES;
				CLANG_WARN_OBJC_ROOT_CLASS = YES_ERROR;
				CLANG_WARN_QUOTED_INCLUDE_IN_FRAMEWORK_HEADER = YES;
				CLANG_WARN_RANGE_LOOP_ANALYSIS = YES;
				CLANG_WARN_STRICT_PROTOTYPES = YES;
				CLANG_WARN_SUSPICIOUS_MOVE = YES;
				CLANG_WARN_UNGUARDED_AVAILABILITY = YES_AGGRESSIVE;
				CLANG_WARN_UNREACHABLE_CODE = YES;
				CLANG_WARN__DUPLICATE_METHOD_MATCH = YES;
				COPY_PHASE_STRIP = NO;
				DEBUG_INFORMATION_FORMAT = dwarf;
				ENABLE_STRICT_OBJC_MSGSEND = YES;
				ENABLE_TESTABILITY = YES;
				GCC_C_LANGUAGE_STANDARD = gnu11;
				GCC_DYNAMIC_NO_PIC = NO;
				GCC_NO_COMMON_BLOCKS = YES;
				GCC_OPTIMIZATION_LEVEL = 0;
				GCC_PREPROCESSOR_DEFINITIONS = (
					"DEBUG=1",
					"$(inherited)",
				);
				GCC_WARN_64_TO_32_BIT_CONVERSION = YES;
				GCC_WARN_ABOUT_RETURN_TYPE = YES_ERROR;
				GCC_WARN_UNDECLARED_SELECTOR = YES;
				GCC_WARN_UNINITIALIZED_AUTOS = YES_AGGRESSIVE;
				GCC_WARN_UNUSED_FUNCTION = YES;
				GCC_WARN_UNUSED_VARIABLE = YES;
				IPHONEOS_DEPLOYMENT_TARGET = 14.4;
				MTL_ENABLE_DEBUG_INFO = INCLUDE_SOURCE;
				MTL_FAST_MATH = YES;
				ONLY_ACTIVE_ARCH = YES;
				SDKROOT = iphoneos;
				SWIFT_ACTIVE_COMPILATION_CONDITIONS = DEBUG;
				SWIFT_OPTIMIZATION_LEVEL = "-Onone";
			};
			name = Debug;
		};
		FA14A5E827C301BF0018A331 /* Release */ = {
			isa = XCBuildConfiguration;
			buildSettings = {
				ALWAYS_SEARCH_USER_PATHS = NO;
				CLANG_ANALYZER_NONNULL = YES;
				CLANG_ANALYZER_NUMBER_OBJECT_CONVERSION = YES_AGGRESSIVE;
				CLANG_CXX_LANGUAGE_STANDARD = "gnu++14";
				CLANG_CXX_LIBRARY = "libc++";
				CLANG_ENABLE_MODULES = YES;
				CLANG_ENABLE_OBJC_ARC = YES;
				CLANG_ENABLE_OBJC_WEAK = YES;
				CLANG_WARN_BLOCK_CAPTURE_AUTORELEASING = YES;
				CLANG_WARN_BOOL_CONVERSION = YES;
				CLANG_WARN_COMMA = YES;
				CLANG_WARN_CONSTANT_CONVERSION = YES;
				CLANG_WARN_DEPRECATED_OBJC_IMPLEMENTATIONS = YES;
				CLANG_WARN_DIRECT_OBJC_ISA_USAGE = YES_ERROR;
				CLANG_WARN_DOCUMENTATION_COMMENTS = YES;
				CLANG_WARN_EMPTY_BODY = YES;
				CLANG_WARN_ENUM_CONVERSION = YES;
				CLANG_WARN_INFINITE_RECURSION = YES;
				CLANG_WARN_INT_CONVERSION = YES;
				CLANG_WARN_NON_LITERAL_NULL_CONVERSION = YES;
				CLANG_WARN_OBJC_IMPLICIT_RETAIN_SELF = YES;
				CLANG_WARN_OBJC_LITERAL_CONVERSION = YES;
				CLANG_WARN_OBJC_ROOT_CLASS = YES_ERROR;
				CLANG_WARN_QUOTED_INCLUDE_IN_FRAMEWORK_HEADER = YES;
				CLANG_WARN_RANGE_LOOP_ANALYSIS = YES;
				CLANG_WARN_STRICT_PROTOTYPES = YES;
				CLANG_WARN_SUSPICIOUS_MOVE = YES;
				CLANG_WARN_UNGUARDED_AVAILABILITY = YES_AGGRESSIVE;
				CLANG_WARN_UNREACHABLE_CODE = YES;
				CLANG_WARN__DUPLICATE_METHOD_MATCH = YES;
				COPY_PHASE_STRIP = NO;
				DEBUG_INFORMATION_FORMAT = "dwarf-with-dsym";
				ENABLE_NS_ASSERTIONS = NO;
				ENABLE_STRICT_OBJC_MSGSEND = YES;
				GCC_C_LANGUAGE_STANDARD = gnu11;
				GCC_NO_COMMON_BLOCKS = YES;
				GCC_WARN_64_TO_32_BIT_CONVERSION = YES;
				GCC_WARN_ABOUT_RETURN_TYPE = YES_ERROR;
				GCC_WARN_UNDECLARED_SELECTOR = YES;
				GCC_WARN_UNINITIALIZED_AUTOS = YES_AGGRESSIVE;
				GCC_WARN_UNUSED_FUNCTION = YES;
				GCC_WARN_UNUSED_VARIABLE = YES;
				IPHONEOS_DEPLOYMENT_TARGET = 14.4;
				MTL_ENABLE_DEBUG_INFO = NO;
				MTL_FAST_MATH = YES;
				SDKROOT = iphoneos;
				SWIFT_COMPILATION_MODE = wholemodule;
				SWIFT_OPTIMIZATION_LEVEL = "-O";
				VALIDATE_PRODUCT = YES;
			};
			name = Release;
		};
		FA14A5EA27C301BF0018A331 /* Debug */ = {
			isa = XCBuildConfiguration;
			buildSettings = {
				ASSETCATALOG_COMPILER_APPICON_NAME = AppIcon;
				ASSETCATALOG_COMPILER_GLOBAL_ACCENT_COLOR_NAME = AccentColor;
				CODE_SIGN_STYLE = Automatic;
				INFOPLIST_FILE = Lab4/Info.plist;
				LD_RUNPATH_SEARCH_PATHS = (
					"$(inherited)",
					"@executable_path/Frameworks",
				);
				PRODUCT_BUNDLE_IDENTIFIER = Herman.Lab4;
				PRODUCT_NAME = "$(TARGET_NAME)";
				SWIFT_VERSION = 5.0;
				TARGETED_DEVICE_FAMILY = "1,2";
			};
			name = Debug;
		};
		FA14A5EB27C301BF0018A331 /* Release */ = {
			isa = XCBuildConfiguration;
			buildSettings = {
				ASSETCATALOG_COMPILER_APPICON_NAME = AppIcon;
				ASSETCATALOG_COMPILER_GLOBAL_ACCENT_COLOR_NAME = AccentColor;
				CODE_SIGN_STYLE = Automatic;
				INFOPLIST_FILE = Lab4/Info.plist;
				LD_RUNPATH_SEARCH_PATHS = (
					"$(inherited)",
					"@executable_path/Frameworks",
				);
				PRODUCT_BUNDLE_IDENTIFIER = Herman.Lab4;
				PRODUCT_NAME = "$(TARGET_NAME)";
				SWIFT_VERSION = 5.0;
				TARGETED_DEVICE_FAMILY = "1,2";
			};
			name = Release;
		};
/* End XCBuildConfiguration section */

/* Begin XCConfigurationList section */
		FA14A5D027C301BE0018A331 /* Build configuration list for PBXProject "Lab4" */ = {
			isa = XCConfigurationList;
			buildConfigurations = (
				FA14A5E727C301BF0018A331 /* Debug */,
				FA14A5E827C301BF0018A331 /* Release */,
			);
			defaultConfigurationIsVisible = 0;
			defaultConfigurationName = Release;
		};
		FA14A5E927C301BF0018A331 /* Build configuration list for PBXNativeTarget "Lab4" */ = {
			isa = XCConfigurationList;
			buildConfigurations = (
				FA14A5EA27C301BF0018A331 /* Debug */,
				FA14A5EB27C301BF0018A331 /* Release */,
			);
			defaultConfigurationIsVisible = 0;
			defaultConfigurationName = Release;
		};
/* End XCConfigurationList section */
	};
	rootObject = FA14A5CD27C301BE0018A331 /* Project object */;
}
